
Microsoft Visual Studio Solution File, Format Version 12.00
# Visual Studio Version 17
VisualStudioVersion = 17.3.32901.215
MinimumVisualStudioVersion = 10.0.40219.1
Project("{FAE04EC0-301F-11D3-BF4B-00C04F79EFBC}") = "Bolum2-uygulama12", "Bolum2-uygulama12\Bolum2-uygulama12.csproj", "{F8478791-B4FE-4C55-8DD4-DE45F2F0541D}"
EndProject
Global
	GlobalSection(SolutionConfigurationPlatforms) = preSolution
		Debug|Any CPU = Debug|Any CPU
		Release|Any CPU = Release|Any CPU
	EndGlobalSection
	GlobalSection(ProjectConfigurationPlatforms) = postSolution
		{F8478791-B4FE-4C55-8DD4-DE45F2F0541D}.Debug|Any CPU.ActiveCfg = Debug|Any CPU
		{F8478791-B4FE-4C55-8DD4-DE45F2F0541D}.Debug|Any CPU.Build.0 = Debug|Any CPU
		{F8478791-B4FE-4C55-8DD4-DE45F2F0541D}.Release|Any CPU.ActiveCfg = Release|Any CPU
		{F8478791-B4FE-4C55-8DD4-DE45F2F0541D}.Release|Any CPU.Build.0 = Release|Any CPU
	EndGlobalSection
	GlobalSection(SolutionProperties) = preSolution
		HideSolutionNode = FALSE
	EndGlobalSection
	GlobalSection(ExtensibilityGlobals) = postSolution
		SolutionGuid = {4B416C10-61D2-48B7-8EC9-059D54D63204}
	EndGlobalSection
EndGlobal
