
Microsoft Visual Studio Solution File, Format Version 12.00
# Visual Studio Version 17
VisualStudioVersion = 17.7.34031.279
MinimumVisualStudioVersion = 10.0.40219.1
Project("{FAE04EC0-301F-11D3-BF4B-00C04F79EFBC}") = "Bolum2-uygulama25", "Bolum2-uygulama25\Bolum2-uygulama25.csproj", "{F8E309A1-F283-470D-8186-D9B6495278A1}"
EndProject
Global
	GlobalSection(SolutionConfigurationPlatforms) = preSolution
		Debug|Any CPU = Debug|Any CPU
		Release|Any CPU = Release|Any CPU
	EndGlobalSection
	GlobalSection(ProjectConfigurationPlatforms) = postSolution
		{F8E309A1-F283-470D-8186-D9B6495278A1}.Debug|Any CPU.ActiveCfg = Debug|Any CPU
		{F8E309A1-F283-470D-8186-D9B6495278A1}.Debug|Any CPU.Build.0 = Debug|Any CPU
		{F8E309A1-F283-470D-8186-D9B6495278A1}.Release|Any CPU.ActiveCfg = Release|Any CPU
		{F8E309A1-F283-470D-8186-D9B6495278A1}.Release|Any CPU.Build.0 = Release|Any CPU
	EndGlobalSection
	GlobalSection(SolutionProperties) = preSolution
		HideSolutionNode = FALSE
	EndGlobalSection
	GlobalSection(ExtensibilityGlobals) = postSolution
		SolutionGuid = {D364ABA8-D430-4E85-B1F2-78D533D8F42F}
	EndGlobalSection
EndGlobal
