
Microsoft Visual Studio Solution File, Format Version 12.00
# Visual Studio Version 17
VisualStudioVersion = 17.7.34031.279
MinimumVisualStudioVersion = 10.0.40219.1
Project("{FAE04EC0-301F-11D3-BF4B-00C04F79EFBC}") = "Bolum2-uygulama26", "Bolum2-uygulama26\Bolum2-uygulama26.csproj", "{5B4DBC74-0C0E-421E-8871-B0835FE1BE30}"
EndProject
Global
	GlobalSection(SolutionConfigurationPlatforms) = preSolution
		Debug|Any CPU = Debug|Any CPU
		Release|Any CPU = Release|Any CPU
	EndGlobalSection
	GlobalSection(ProjectConfigurationPlatforms) = postSolution
		{5B4DBC74-0C0E-421E-8871-B0835FE1BE30}.Debug|Any CPU.ActiveCfg = Debug|Any CPU
		{5B4DBC74-0C0E-421E-8871-B0835FE1BE30}.Debug|Any CPU.Build.0 = Debug|Any CPU
		{5B4DBC74-0C0E-421E-8871-B0835FE1BE30}.Release|Any CPU.ActiveCfg = Release|Any CPU
		{5B4DBC74-0C0E-421E-8871-B0835FE1BE30}.Release|Any CPU.Build.0 = Release|Any CPU
	EndGlobalSection
	GlobalSection(SolutionProperties) = preSolution
		HideSolutionNode = FALSE
	EndGlobalSection
	GlobalSection(ExtensibilityGlobals) = postSolution
		SolutionGuid = {C486471C-D87C-454E-A8BD-229854A40349}
	EndGlobalSection
EndGlobal
