
Microsoft Visual Studio Solution File, Format Version 12.00
# Visual Studio Version 17
VisualStudioVersion = 17.7.34031.279
MinimumVisualStudioVersion = 10.0.40219.1
Project("{FAE04EC0-301F-11D3-BF4B-00C04F79EFBC}") = "Bolum1-uygulama7", "Bolum1-uygulama7\Bolum1-uygulama7.csproj", "{06C3FAE9-0006-4626-BDF9-8A4B3B073886}"
EndProject
Global
	GlobalSection(SolutionConfigurationPlatforms) = preSolution
		Debug|Any CPU = Debug|Any CPU
		Release|Any CPU = Release|Any CPU
	EndGlobalSection
	GlobalSection(ProjectConfigurationPlatforms) = postSolution
		{06C3FAE9-0006-4626-BDF9-8A4B3B073886}.Debug|Any CPU.ActiveCfg = Debug|Any CPU
		{06C3FAE9-0006-4626-BDF9-8A4B3B073886}.Debug|Any CPU.Build.0 = Debug|Any CPU
		{06C3FAE9-0006-4626-BDF9-8A4B3B073886}.Release|Any CPU.ActiveCfg = Release|Any CPU
		{06C3FAE9-0006-4626-BDF9-8A4B3B073886}.Release|Any CPU.Build.0 = Release|Any CPU
	EndGlobalSection
	GlobalSection(SolutionProperties) = preSolution
		HideSolutionNode = FALSE
	EndGlobalSection
	GlobalSection(ExtensibilityGlobals) = postSolution
		SolutionGuid = {DA2C1516-C5F6-4977-A90D-1FEB4A7D7EA5}
	EndGlobalSection
EndGlobal
